
Microsoft Visual Studio Solution File, Format Version 12.00
# Visual Studio 15
VisualStudioVersion = 15.0.28307.271
MinimumVisualStudioVersion = 10.0.40219.1
Project("{FAE04EC0-301F-11D3-BF4B-00C04F79EFBC}") = "JsonLogger", "JsonLogger\JsonLogger.csproj", "{EC9651C6-ADA9-441D-8C97-A5C1246D21EE}"
EndProject
Project("{FAE04EC0-301F-11D3-BF4B-00C04F79EFBC}") = "JsonLoggerTest", "JsonLoggerTest\JsonLoggerTest.csproj", "{3366AFD6-B369-4290-A25A-36171762D602}"
EndProject
Global
	GlobalSection(SolutionConfigurationPlatforms) = preSolution
		Debug|Any CPU = Debug|Any CPU
		Release|Any CPU = Release|Any CPU
	EndGlobalSection
	GlobalSection(ProjectConfigurationPlatforms) = postSolution
		{EC9651C6-ADA9-441D-8C97-A5C1246D21EE}.Debug|Any CPU.ActiveCfg = Debug|Any CPU
		{EC9651C6-ADA9-441D-8C97-A5C1246D21EE}.Debug|Any CPU.Build.0 = Debug|Any CPU
		{EC9651C6-ADA9-441D-8C97-A5C1246D21EE}.Release|Any CPU.ActiveCfg = Release|Any CPU
		{EC9651C6-ADA9-441D-8C97-A5C1246D21EE}.Release|Any CPU.Build.0 = Release|Any CPU
		{3366AFD6-B369-4290-A25A-36171762D602}.Debug|Any CPU.ActiveCfg = Debug|Any CPU
		{3366AFD6-B369-4290-A25A-36171762D602}.Debug|Any CPU.Build.0 = Debug|Any CPU
		{3366AFD6-B369-4290-A25A-36171762D602}.Release|Any CPU.ActiveCfg = Release|Any CPU
		{3366AFD6-B369-4290-A25A-36171762D602}.Release|Any CPU.Build.0 = Release|Any CPU
	EndGlobalSection
	GlobalSection(SolutionProperties) = preSolution
		HideSolutionNode = FALSE
	EndGlobalSection
	GlobalSection(ExtensibilityGlobals) = postSolution
		SolutionGuid = {BB3F6F4A-C30D-4063-9BC0-5BAF18416065}
	EndGlobalSection
EndGlobal
